
Microsoft Visual Studio Solution File, Format Version 12.00
# Visual Studio Version 17
VisualStudioVersion = 17.6.33927.249
MinimumVisualStudioVersion = 10.0.40219.1
Project("{9A19103F-16F7-4668-BE54-9A1E7A4F7556}") = "Substrate.Ordinals.Bot", "Substrate.Ordinals.Bot\Substrate.Ordinals.Bot.csproj", "{E8C9DC31-005C-4D32-B36E-0DA44901E580}"
EndProject
Project("{9A19103F-16F7-4668-BE54-9A1E7A4F7556}") = "Substrate.Ordinals.Integration", "Substrate.Ordinals.Integration\Substrate.Ordinals.Integration.csproj", "{FAD9A2BB-B83F-492E-AEC9-70C88FE8DC75}"
EndProject
Project("{9A19103F-16F7-4668-BE54-9A1E7A4F7556}") = "Substrate.Polkadot.NET.NetApiExt", "Substrate.Polkadot.NET.NetApiExt\Substrate.Polkadot.NET.NetApiExt.csproj", "{4D2654E3-7714-41E3-ACB2-B4A1D43269FB}"
EndProject
Global
	GlobalSection(SolutionConfigurationPlatforms) = preSolution
		Debug|Any CPU = Debug|Any CPU
		Release|Any CPU = Release|Any CPU
	EndGlobalSection
	GlobalSection(ProjectConfigurationPlatforms) = postSolution
		{E8C9DC31-005C-4D32-B36E-0DA44901E580}.Debug|Any CPU.ActiveCfg = Debug|Any CPU
		{E8C9DC31-005C-4D32-B36E-0DA44901E580}.Debug|Any CPU.Build.0 = Debug|Any CPU
		{E8C9DC31-005C-4D32-B36E-0DA44901E580}.Release|Any CPU.ActiveCfg = Release|Any CPU
		{E8C9DC31-005C-4D32-B36E-0DA44901E580}.Release|Any CPU.Build.0 = Release|Any CPU
		{FAD9A2BB-B83F-492E-AEC9-70C88FE8DC75}.Debug|Any CPU.ActiveCfg = Debug|Any CPU
		{FAD9A2BB-B83F-492E-AEC9-70C88FE8DC75}.Debug|Any CPU.Build.0 = Debug|Any CPU
		{FAD9A2BB-B83F-492E-AEC9-70C88FE8DC75}.Release|Any CPU.ActiveCfg = Release|Any CPU
		{FAD9A2BB-B83F-492E-AEC9-70C88FE8DC75}.Release|Any CPU.Build.0 = Release|Any CPU
		{4D2654E3-7714-41E3-ACB2-B4A1D43269FB}.Debug|Any CPU.ActiveCfg = Debug|Any CPU
		{4D2654E3-7714-41E3-ACB2-B4A1D43269FB}.Debug|Any CPU.Build.0 = Debug|Any CPU
		{4D2654E3-7714-41E3-ACB2-B4A1D43269FB}.Release|Any CPU.ActiveCfg = Release|Any CPU
		{4D2654E3-7714-41E3-ACB2-B4A1D43269FB}.Release|Any CPU.Build.0 = Release|Any CPU
	EndGlobalSection
	GlobalSection(SolutionProperties) = preSolution
		HideSolutionNode = FALSE
	EndGlobalSection
	GlobalSection(ExtensibilityGlobals) = postSolution
		SolutionGuid = {B83776CF-5F17-453E-A668-ABAD90F2B87F}
	EndGlobalSection
EndGlobal
